
Microsoft Visual Studio Solution File, Format Version 12.00
# Visual Studio 15
VisualStudioVersion = 15.0.28307.271
MinimumVisualStudioVersion = 10.0.40219.1
Project("{FAE04EC0-301F-11D3-BF4B-00C04F79EFBC}") = "MyPageLifeExample(ASP.NET)", "MyPageLifeExample(ASP.NET)\MyPageLifeExample(ASP.NET).csproj", "{AB059BEE-8FC9-473B-A7C3-AD47B156403A}"
EndProject
Global
	GlobalSection(SolutionConfigurationPlatforms) = preSolution
		Debug|Any CPU = Debug|Any CPU
		Release|Any CPU = Release|Any CPU
	EndGlobalSection
	GlobalSection(ProjectConfigurationPlatforms) = postSolution
		{AB059BEE-8FC9-473B-A7C3-AD47B156403A}.Debug|Any CPU.ActiveCfg = Debug|Any CPU
		{AB059BEE-8FC9-473B-A7C3-AD47B156403A}.Debug|Any CPU.Build.0 = Debug|Any CPU
		{AB059BEE-8FC9-473B-A7C3-AD47B156403A}.Release|Any CPU.ActiveCfg = Release|Any CPU
		{AB059BEE-8FC9-473B-A7C3-AD47B156403A}.Release|Any CPU.Build.0 = Release|Any CPU
	EndGlobalSection
	GlobalSection(SolutionProperties) = preSolution
		HideSolutionNode = FALSE
	EndGlobalSection
	GlobalSection(ExtensibilityGlobals) = postSolution
		SolutionGuid = {2462481C-D913-4904-A20E-B8F97B91E2D7}
	EndGlobalSection
EndGlobal
