
Microsoft Visual Studio Solution File, Format Version 12.00
# Visual Studio 15
VisualStudioVersion = 15.0.28307.271
MinimumVisualStudioVersion = 10.0.40219.1
Project("{FAE04EC0-301F-11D3-BF4B-00C04F79EFBC}") = "ASP.NET_Test1", "ASP.NET_Test1\ASP.NET_Test1.csproj", "{793E0E5F-B6CF-40F0-85FF-07FFE9D9094C}"
EndProject
Global
	GlobalSection(SolutionConfigurationPlatforms) = preSolution
		Debug|Any CPU = Debug|Any CPU
		Release|Any CPU = Release|Any CPU
	EndGlobalSection
	GlobalSection(ProjectConfigurationPlatforms) = postSolution
		{793E0E5F-B6CF-40F0-85FF-07FFE9D9094C}.Debug|Any CPU.ActiveCfg = Debug|Any CPU
		{793E0E5F-B6CF-40F0-85FF-07FFE9D9094C}.Debug|Any CPU.Build.0 = Debug|Any CPU
		{793E0E5F-B6CF-40F0-85FF-07FFE9D9094C}.Release|Any CPU.ActiveCfg = Release|Any CPU
		{793E0E5F-B6CF-40F0-85FF-07FFE9D9094C}.Release|Any CPU.Build.0 = Release|Any CPU
	EndGlobalSection
	GlobalSection(SolutionProperties) = preSolution
		HideSolutionNode = FALSE
	EndGlobalSection
	GlobalSection(ExtensibilityGlobals) = postSolution
		SolutionGuid = {1E8F3F44-B08C-4151-8089-A695E70E80C7}
	EndGlobalSection
EndGlobal
