
Microsoft Visual Studio Solution File, Format Version 12.00
# Visual Studio 15
VisualStudioVersion = 15.0.28307.271
MinimumVisualStudioVersion = 10.0.40219.1
Project("{FAE04EC0-301F-11D3-BF4B-00C04F79EFBC}") = "ASP.NETServerObjects", "ASP.NETServerObjects\ASP.NETServerObjects.csproj", "{107C03E1-BEDA-4897-B060-77E798B666A2}"
EndProject
Project("{FAE04EC0-301F-11D3-BF4B-00C04F79EFBC}") = "ASP.NETServerObjects.Tests", "ASP.NETServerObjects.Tests\ASP.NETServerObjects.Tests.csproj", "{B290F94E-7618-4544-93F0-C0B7DB4DA9DE}"
EndProject
Global
	GlobalSection(SolutionConfigurationPlatforms) = preSolution
		Debug|Any CPU = Debug|Any CPU
		Release|Any CPU = Release|Any CPU
	EndGlobalSection
	GlobalSection(ProjectConfigurationPlatforms) = postSolution
		{107C03E1-BEDA-4897-B060-77E798B666A2}.Debug|Any CPU.ActiveCfg = Debug|Any CPU
		{107C03E1-BEDA-4897-B060-77E798B666A2}.Debug|Any CPU.Build.0 = Debug|Any CPU
		{107C03E1-BEDA-4897-B060-77E798B666A2}.Release|Any CPU.ActiveCfg = Release|Any CPU
		{107C03E1-BEDA-4897-B060-77E798B666A2}.Release|Any CPU.Build.0 = Release|Any CPU
		{B290F94E-7618-4544-93F0-C0B7DB4DA9DE}.Debug|Any CPU.ActiveCfg = Debug|Any CPU
		{B290F94E-7618-4544-93F0-C0B7DB4DA9DE}.Debug|Any CPU.Build.0 = Debug|Any CPU
		{B290F94E-7618-4544-93F0-C0B7DB4DA9DE}.Release|Any CPU.ActiveCfg = Release|Any CPU
		{B290F94E-7618-4544-93F0-C0B7DB4DA9DE}.Release|Any CPU.Build.0 = Release|Any CPU
	EndGlobalSection
	GlobalSection(SolutionProperties) = preSolution
		HideSolutionNode = FALSE
	EndGlobalSection
	GlobalSection(ExtensibilityGlobals) = postSolution
		SolutionGuid = {698928C4-CFFC-4E9B-80E7-E2C20023A7A3}
	EndGlobalSection
EndGlobal
